// !$*UTF8*$!
{
	archiveVersion = 1;
	classes = {
	};
	objectVersion = 51;
	objects = {

/* Begin PBXBuildFile section */
		1498D2341E8E89220040F4C2 /* GeneratedPluginRegistrant.m in Sources */ = {isa = PBXBuildFile; fileRef = 1498D2331E8E89220040F4C2 /* GeneratedPluginRegistrant.m */; };
		3B3967161E833CAA004F5970 /* AppFrameworkInfo.plist in Resources */ = {isa = PBXBuildFile; fileRef = 3B3967151E833CAA004F5970 /* AppFrameworkInfo.plist */; };
		74858FAF1ED2DC5600515810 /* AppDelegate.swift in Sources */ = {isa = PBXBuildFile; fileRef = 74858FAE1ED2DC5600515810 /* AppDelegate.swift */; };
		7F0B742A28C984FC00BD4528 /* GameViewController.swift in Sources */ = {isa = PBXBuildFile; fileRef = 7F0B742928C984FC00BD4528 /* GameViewController.swift */; };
		7F0B743328C9BFD800BD4528 /* Reachability.m in Sources */ = {isa = PBXBuildFile; fileRef = 7F0B742D28C9BFD800BD4528 /* Reachability.m */; };
		7F0B743428C9BFD800BD4528 /* RNCachingURLProtocol.m in Sources */ = {isa = PBXBuildFile; fileRef = 7F0B743028C9BFD800BD4528 /* RNCachingURLProtocol.m */; };
		7F0B743528C9BFD800BD4528 /* README.md in Resources */ = {isa = PBXBuildFile; fileRef = 7F0B743128C9BFD800BD4528 /* README.md */; };
		7F0B743628C9BFD800BD4528 /* NSString+Sha1.m in Sources */ = {isa = PBXBuildFile; fileRef = 7F0B743228C9BFD800BD4528 /* NSString+Sha1.m */; };
		7F0B743928C9C06C00BD4528 /* chchar.html in Resources */ = {isa = PBXBuildFile; fileRef = 7F0B743828C9C06C00BD4528 /* chchar.html */; };
		7F0B743B28C9C3EF00BD4528 /* SystemConfiguration.framework in Frameworks */ = {isa = PBXBuildFile; fileRef = 7F0B743A28C9C3EF00BD4528 /* SystemConfiguration.framework */; };
		7F0B743E28C9CFB200BD4528 /* GameViewController+Web.swift in Sources */ = {isa = PBXBuildFile; fileRef = 7F0B743D28C9CFB200BD4528 /* GameViewController+Web.swift */; };
		7F0B744128C9E59B00BD4528 /* Pen.swift in Sources */ = {isa = PBXBuildFile; fileRef = 7F0B744028C9E59B00BD4528 /* Pen.swift */; };
		7F0B744328C9F04300BD4528 /* Drawing.swift in Sources */ = {isa = PBXBuildFile; fileRef = 7F0B744228C9F04300BD4528 /* Drawing.swift */; };
		7F0B744628CB113000BD4528 /* UIControl+Extension.swift in Sources */ = {isa = PBXBuildFile; fileRef = 7F0B744528CB113000BD4528 /* UIControl+Extension.swift */; };
		7F0B744828CB113800BD4528 /* UIColor+Extentsion.swift in Sources */ = {isa = PBXBuildFile; fileRef = 7F0B744728CB113800BD4528 /* UIColor+Extentsion.swift */; };
		7F40EB9828D2BFDB002D5DC0 /* BaseViewController.swift in Sources */ = {isa = PBXBuildFile; fileRef = 7F40EB9728D2BFDB002D5DC0 /* BaseViewController.swift */; };
		7F66484B28DDAE6E0044400A /* Lesson.swift in Sources */ = {isa = PBXBuildFile; fileRef = 7F66484A28DDAE6E0044400A /* Lesson.swift */; };
		7F7275F328F7ACE700E61E92 /* FlutterPlugin.swift in Sources */ = {isa = PBXBuildFile; fileRef = 7F7275F228F7ACE600E61E92 /* FlutterPlugin.swift */; };
		7F7275F628F7B35000E61E92 /* FlutterPlugin+Route.swift in Sources */ = {isa = PBXBuildFile; fileRef = 7F7275F528F7B35000E61E92 /* FlutterPlugin+Route.swift */; };
		7F7275F828F7B37300E61E92 /* FlutterPlugin+Method.swift in Sources */ = {isa = PBXBuildFile; fileRef = 7F7275F728F7B37300E61E92 /* FlutterPlugin+Method.swift */; };
		7F7275FA28F803B100E61E92 /* define.swift in Sources */ = {isa = PBXBuildFile; fileRef = 7F7275F928F803B000E61E92 /* define.swift */; };
		7F822C3328F95BC200C98FB0 /* DrawedCell.swift in Sources */ = {isa = PBXBuildFile; fileRef = 7F822C3228F95BC200C98FB0 /* DrawedCell.swift */; };
		7F822C3528F95CD900C98FB0 /* GameViewController+CollectionView.swift in Sources */ = {isa = PBXBuildFile; fileRef = 7F822C3428F95CD900C98FB0 /* GameViewController+CollectionView.swift */; };
		7F822C3728F95E4E00C98FB0 /* UIView+Extension.swift in Sources */ = {isa = PBXBuildFile; fileRef = 7F822C3628F95E4E00C98FB0 /* UIView+Extension.swift */; };
		7F822C3929000ABB00C98FB0 /* MyChars.swift in Sources */ = {isa = PBXBuildFile; fileRef = 7F822C3829000ABB00C98FB0 /* MyChars.swift */; };
		7F822C7729022E4900C98FB0 /* HorizontalPickerView.swift in Sources */ = {isa = PBXBuildFile; fileRef = 7F822C7629022E4900C98FB0 /* HorizontalPickerView.swift */; };
		7FA2920D28D874EE0086AD5D /* cnchar.all.min.js in Resources */ = {isa = PBXBuildFile; fileRef = 7FA2920C28D874EE0086AD5D /* cnchar.all.min.js */; };
		7FA2921028D94BF50086AD5D /* JSTools.swift in Sources */ = {isa = PBXBuildFile; fileRef = 7FA2920F28D94BF50086AD5D /* JSTools.swift */; };
		7FA2921828D9B9D40086AD5D /* jsonserialize.swift in Sources */ = {isa = PBXBuildFile; fileRef = 7FA2921728D9B9D40086AD5D /* jsonserialize.swift */; };
		7FE2672229026FBC0018285D /* cnchar.draw.min.js in Resources */ = {isa = PBXBuildFile; fileRef = 7FE2672129026FBC0018285D /* cnchar.draw.min.js */; };
		97C146FC1CF9000F007C117D /* Main.storyboard in Resources */ = {isa = PBXBuildFile; fileRef = 97C146FA1CF9000F007C117D /* Main.storyboard */; };
		97C146FE1CF9000F007C117D /* Assets.xcassets in Resources */ = {isa = PBXBuildFile; fileRef = 97C146FD1CF9000F007C117D /* Assets.xcassets */; };
		97C147011CF9000F007C117D /* LaunchScreen.storyboard in Resources */ = {isa = PBXBuildFile; fileRef = 97C146FF1CF9000F007C117D /* LaunchScreen.storyboard */; };
		C20B01EC370F8AB696590E4D /* Pods_Runner.framework in Frameworks */ = {isa = PBXBuildFile; fileRef = 0132711405E75DBA01092424 /* Pods_Runner.framework */; };
/* End PBXBuildFile section */

/* Begin PBXCopyFilesBuildPhase section */
		9705A1C41CF9048500538489 /* Embed Frameworks */ = {
			isa = PBXCopyFilesBuildPhase;
			buildActionMask = 2147483647;
			dstPath = "";
			dstSubfolderSpec = 10;
			files = (
			);
			name = "Embed Frameworks";
			runOnlyForDeploymentPostprocessing = 0;
		};
/* End PBXCopyFilesBuildPhase section */

/* Begin PBXFileReference section */
		0132711405E75DBA01092424 /* Pods_Runner.framework */ = {isa = PBXFileReference; explicitFileType = wrapper.framework; includeInIndex = 0; path = Pods_Runner.framework; sourceTree = BUILT_PRODUCTS_DIR; };
		1498D2321E8E86230040F4C2 /* GeneratedPluginRegistrant.h */ = {isa = PBXFileReference; lastKnownFileType = sourcecode.c.h; path = GeneratedPluginRegistrant.h; sourceTree = "<group>"; };
		1498D2331E8E89220040F4C2 /* GeneratedPluginRegistrant.m */ = {isa = PBXFileReference; fileEncoding = 4; lastKnownFileType = sourcecode.c.objc; path = GeneratedPluginRegistrant.m; sourceTree = "<group>"; };
		3B3967151E833CAA004F5970 /* AppFrameworkInfo.plist */ = {isa = PBXFileReference; fileEncoding = 4; lastKnownFileType = text.plist.xml; name = AppFrameworkInfo.plist; path = Flutter/AppFrameworkInfo.plist; sourceTree = "<group>"; };
		4C31CBF8D523B0A8659239B6 /* Pods-Runner.release.xcconfig */ = {isa = PBXFileReference; includeInIndex = 1; lastKnownFileType = text.xcconfig; name = "Pods-Runner.release.xcconfig"; path = "Target Support Files/Pods-Runner/Pods-Runner.release.xcconfig"; sourceTree = "<group>"; };
		74858FAD1ED2DC5600515810 /* Runner-Bridging-Header.h */ = {isa = PBXFileReference; lastKnownFileType = sourcecode.c.h; path = "Runner-Bridging-Header.h"; sourceTree = "<group>"; };
		74858FAE1ED2DC5600515810 /* AppDelegate.swift */ = {isa = PBXFileReference; fileEncoding = 4; lastKnownFileType = sourcecode.swift; path = AppDelegate.swift; sourceTree = "<group>"; };
		7AFA3C8E1D35360C0083082E /* Release.xcconfig */ = {isa = PBXFileReference; lastKnownFileType = text.xcconfig; name = Release.xcconfig; path = Flutter/Release.xcconfig; sourceTree = "<group>"; };
		7F0B742928C984FC00BD4528 /* GameViewController.swift */ = {isa = PBXFileReference; lastKnownFileType = sourcecode.swift; path = GameViewController.swift; sourceTree = "<group>"; };
		7F0B742C28C9BFD800BD4528 /* Reachability.h */ = {isa = PBXFileReference; fileEncoding = 4; lastKnownFileType = sourcecode.c.h; path = Reachability.h; sourceTree = "<group>"; };
		7F0B742D28C9BFD800BD4528 /* Reachability.m */ = {isa = PBXFileReference; fileEncoding = 4; lastKnownFileType = sourcecode.c.objc; path = Reachability.m; sourceTree = "<group>"; };
		7F0B742E28C9BFD800BD4528 /* RNCachingURLProtocol.h */ = {isa = PBXFileReference; fileEncoding = 4; lastKnownFileType = sourcecode.c.h; path = RNCachingURLProtocol.h; sourceTree = "<group>"; };
		7F0B742F28C9BFD800BD4528 /* NSString+Sha1.h */ = {isa = PBXFileReference; fileEncoding = 4; lastKnownFileType = sourcecode.c.h; path = "NSString+Sha1.h"; sourceTree = "<group>"; };
		7F0B743028C9BFD800BD4528 /* RNCachingURLProtocol.m */ = {isa = PBXFileReference; fileEncoding = 4; lastKnownFileType = sourcecode.c.objc; path = RNCachingURLProtocol.m; sourceTree = "<group>"; };
		7F0B743128C9BFD800BD4528 /* README.md */ = {isa = PBXFileReference; fileEncoding = 4; lastKnownFileType = net.daringfireball.markdown; path = README.md; sourceTree = "<group>"; };
		7F0B743228C9BFD800BD4528 /* NSString+Sha1.m */ = {isa = PBXFileReference; fileEncoding = 4; lastKnownFileType = sourcecode.c.objc; path = "NSString+Sha1.m"; sourceTree = "<group>"; };
		7F0B743828C9C06C00BD4528 /* chchar.html */ = {isa = PBXFileReference; fileEncoding = 4; lastKnownFileType = text.html; path = chchar.html; sourceTree = "<group>"; };
		7F0B743A28C9C3EF00BD4528 /* SystemConfiguration.framework */ = {isa = PBXFileReference; lastKnownFileType = wrapper.framework; name = SystemConfiguration.framework; path = System/Library/Frameworks/SystemConfiguration.framework; sourceTree = SDKROOT; };
		7F0B743D28C9CFB200BD4528 /* GameViewController+Web.swift */ = {isa = PBXFileReference; lastKnownFileType = sourcecode.swift; path = "GameViewController+Web.swift"; sourceTree = "<group>"; };
		7F0B744028C9E59B00BD4528 /* Pen.swift */ = {isa = PBXFileReference; lastKnownFileType = sourcecode.swift; path = Pen.swift; sourceTree = "<group>"; };
		7F0B744228C9F04300BD4528 /* Drawing.swift */ = {isa = PBXFileReference; lastKnownFileType = sourcecode.swift; path = Drawing.swift; sourceTree = "<group>"; };
		7F0B744528CB113000BD4528 /* UIControl+Extension.swift */ = {isa = PBXFileReference; fileEncoding = 4; lastKnownFileType = sourcecode.swift; path = "UIControl+Extension.swift"; sourceTree = "<group>"; };
		7F0B744728CB113800BD4528 /* UIColor+Extentsion.swift */ = {isa = PBXFileReference; fileEncoding = 4; lastKnownFileType = sourcecode.swift; path = "UIColor+Extentsion.swift"; sourceTree = "<group>"; };
		7F40EB9728D2BFDB002D5DC0 /* BaseViewController.swift */ = {isa = PBXFileReference; lastKnownFileType = sourcecode.swift; path = BaseViewController.swift; sourceTree = "<group>"; };
		7F66484A28DDAE6E0044400A /* Lesson.swift */ = {isa = PBXFileReference; lastKnownFileType = sourcecode.swift; path = Lesson.swift; sourceTree = "<group>"; };
		7F7275F228F7ACE600E61E92 /* FlutterPlugin.swift */ = {isa = PBXFileReference; lastKnownFileType = sourcecode.swift; path = FlutterPlugin.swift; sourceTree = "<group>"; };
		7F7275F528F7B35000E61E92 /* FlutterPlugin+Route.swift */ = {isa = PBXFileReference; lastKnownFileType = sourcecode.swift; path = "FlutterPlugin+Route.swift"; sourceTree = "<group>"; };
		7F7275F728F7B37300E61E92 /* FlutterPlugin+Method.swift */ = {isa = PBXFileReference; lastKnownFileType = sourcecode.swift; path = "FlutterPlugin+Method.swift"; sourceTree = "<group>"; };
		7F7275F928F803B000E61E92 /* define.swift */ = {isa = PBXFileReference; lastKnownFileType = sourcecode.swift; path = define.swift; sourceTree = "<group>"; };
		7F822C3228F95BC200C98FB0 /* DrawedCell.swift */ = {isa = PBXFileReference; lastKnownFileType = sourcecode.swift; path = DrawedCell.swift; sourceTree = "<group>"; };
		7F822C3428F95CD900C98FB0 /* GameViewController+CollectionView.swift */ = {isa = PBXFileReference; lastKnownFileType = sourcecode.swift; path = "GameViewController+CollectionView.swift"; sourceTree = "<group>"; };
		7F822C3628F95E4E00C98FB0 /* UIView+Extension.swift */ = {isa = PBXFileReference; lastKnownFileType = sourcecode.swift; path = "UIView+Extension.swift"; sourceTree = "<group>"; };
		7F822C3829000ABB00C98FB0 /* MyChars.swift */ = {isa = PBXFileReference; lastKnownFileType = sourcecode.swift; path = MyChars.swift; sourceTree = "<group>"; };
		7F822C7629022E4900C98FB0 /* HorizontalPickerView.swift */ = {isa = PBXFileReference; lastKnownFileType = sourcecode.swift; path = HorizontalPickerView.swift; sourceTree = "<group>"; };
		7FA2920C28D874EE0086AD5D /* cnchar.all.min.js */ = {isa = PBXFileReference; fileEncoding = 4; lastKnownFileType = sourcecode.javascript; path = cnchar.all.min.js; sourceTree = "<group>"; };
		7FA2920F28D94BF50086AD5D /* JSTools.swift */ = {isa = PBXFileReference; lastKnownFileType = sourcecode.swift; path = JSTools.swift; sourceTree = "<group>"; };
		7FA2921728D9B9D40086AD5D /* jsonserialize.swift */ = {isa = PBXFileReference; fileEncoding = 4; lastKnownFileType = sourcecode.swift; path = jsonserialize.swift; sourceTree = "<group>"; };
		7FE2672129026FBC0018285D /* cnchar.draw.min.js */ = {isa = PBXFileReference; fileEncoding = 4; lastKnownFileType = sourcecode.javascript; path = cnchar.draw.min.js; sourceTree = "<group>"; };
		9740EEB21CF90195004384FC /* Debug.xcconfig */ = {isa = PBXFileReference; fileEncoding = 4; lastKnownFileType = text.xcconfig; name = Debug.xcconfig; path = Flutter/Debug.xcconfig; sourceTree = "<group>"; };
		9740EEB31CF90195004384FC /* Generated.xcconfig */ = {isa = PBXFileReference; fileEncoding = 4; lastKnownFileType = text.xcconfig; name = Generated.xcconfig; path = Flutter/Generated.xcconfig; sourceTree = "<group>"; };
		97C146EE1CF9000F007C117D /* Runner.app */ = {isa = PBXFileReference; explicitFileType = wrapper.application; includeInIndex = 0; path = Runner.app; sourceTree = BUILT_PRODUCTS_DIR; };
		97C146FB1CF9000F007C117D /* Base */ = {isa = PBXFileReference; lastKnownFileType = file.storyboard; name = Base; path = Base.lproj/Main.storyboard; sourceTree = "<group>"; };
		97C146FD1CF9000F007C117D /* Assets.xcassets */ = {isa = PBXFileReference; lastKnownFileType = folder.assetcatalog; path = Assets.xcassets; sourceTree = "<group>"; };
		97C147001CF9000F007C117D /* Base */ = {isa = PBXFileReference; lastKnownFileType = file.storyboard; name = Base; path = Base.lproj/LaunchScreen.storyboard; sourceTree = "<group>"; };
		97C147021CF9000F007C117D /* Info.plist */ = {isa = PBXFileReference; lastKnownFileType = text.plist.xml; path = Info.plist; sourceTree = "<group>"; };
		FC35B61346D76A47F700D588 /* Pods-Runner.debug.xcconfig */ = {isa = PBXFileReference; includeInIndex = 1; lastKnownFileType = text.xcconfig; name = "Pods-Runner.debug.xcconfig"; path = "Target Support Files/Pods-Runner/Pods-Runner.debug.xcconfig"; sourceTree = "<group>"; };
		FD01101D37AA5A3611739288 /* Pods-Runner.profile.xcconfig */ = {isa = PBXFileReference; includeInIndex = 1; lastKnownFileType = text.xcconfig; name = "Pods-Runner.profile.xcconfig"; path = "Target Support Files/Pods-Runner/Pods-Runner.profile.xcconfig"; sourceTree = "<group>"; };
/* End PBXFileReference section */

/* Begin PBXFrameworksBuildPhase section */
		97C146EB1CF9000F007C117D /* Frameworks */ = {
			isa = PBXFrameworksBuildPhase;
			buildActionMask = 2147483647;
			files = (
				7F0B743B28C9C3EF00BD4528 /* SystemConfiguration.framework in Frameworks */,
				C20B01EC370F8AB696590E4D /* Pods_Runner.framework in Frameworks */,
			);
			runOnlyForDeploymentPostprocessing = 0;
		};
/* End PBXFrameworksBuildPhase section */

/* Begin PBXGroup section */
		40E27DDD9A9857207C72208A /* Frameworks */ = {
			isa = PBXGroup;
			children = (
				7F0B743A28C9C3EF00BD4528 /* SystemConfiguration.framework */,
				0132711405E75DBA01092424 /* Pods_Runner.framework */,
			);
			name = Frameworks;
			sourceTree = "<group>";
		};
		7F0B742B28C9BFC800BD4528 /* RNCachingURLProtocol */ = {
			isa = PBXGroup;
			children = (
				7F0B742F28C9BFD800BD4528 /* NSString+Sha1.h */,
				7F0B743228C9BFD800BD4528 /* NSString+Sha1.m */,
				7F0B742C28C9BFD800BD4528 /* Reachability.h */,
				7F0B742D28C9BFD800BD4528 /* Reachability.m */,
				7F0B743128C9BFD800BD4528 /* README.md */,
				7F0B742E28C9BFD800BD4528 /* RNCachingURLProtocol.h */,
				7F0B743028C9BFD800BD4528 /* RNCachingURLProtocol.m */,
			);
			path = RNCachingURLProtocol;
			sourceTree = "<group>";
		};
		7F0B743728C9C05F00BD4528 /* chchar */ = {
			isa = PBXGroup;
			children = (
				7FA2920C28D874EE0086AD5D /* cnchar.all.min.js */,
				7FE2672129026FBC0018285D /* cnchar.draw.min.js */,
				7F0B743828C9C06C00BD4528 /* chchar.html */,
			);
			path = chchar;
			sourceTree = "<group>";
		};
		7F0B743C28C9CF8800BD4528 /* Game */ = {
			isa = PBXGroup;
			children = (
				7F822C7529022DE900C98FB0 /* View */,
				7F0B742928C984FC00BD4528 /* GameViewController.swift */,
				7F822C3428F95CD900C98FB0 /* GameViewController+CollectionView.swift */,
				7F0B743D28C9CFB200BD4528 /* GameViewController+Web.swift */,
			);
			path = Game;
			sourceTree = "<group>";
		};
		7F0B743F28C9E57600BD4528 /* View */ = {
			isa = PBXGroup;
			children = (
				7F0B744028C9E59B00BD4528 /* Pen.swift */,
				7F0B744228C9F04300BD4528 /* Drawing.swift */,
				7F822C3228F95BC200C98FB0 /* DrawedCell.swift */,
			);
			path = View;
			sourceTree = "<group>";
		};
		7F0B744428CB112200BD4528 /* Extension */ = {
			isa = PBXGroup;
			children = (
				7FA2921728D9B9D40086AD5D /* jsonserialize.swift */,
				7F0B744528CB113000BD4528 /* UIControl+Extension.swift */,
				7F0B744728CB113800BD4528 /* UIColor+Extentsion.swift */,
				7F822C3628F95E4E00C98FB0 /* UIView+Extension.swift */,
			);
			path = Extension;
			sourceTree = "<group>";
		};
		7F66484928DDAE5D0044400A /* Model */ = {
			isa = PBXGroup;
			children = (
				7F66484A28DDAE6E0044400A /* Lesson.swift */,
				7F822C3829000ABB00C98FB0 /* MyChars.swift */,
			);
			path = Model;
			sourceTree = "<group>";
		};
		7F7275F428F7ADA500E61E92 /* FlutterHandler */ = {
			isa = PBXGroup;
			children = (
				7F7275F228F7ACE600E61E92 /* FlutterPlugin.swift */,
				7F7275F528F7B35000E61E92 /* FlutterPlugin+Route.swift */,
				7F7275F728F7B37300E61E92 /* FlutterPlugin+Method.swift */,
			);
			path = FlutterHandler;
			sourceTree = "<group>";
		};
		7F822C7529022DE900C98FB0 /* View */ = {
			isa = PBXGroup;
			children = (
				7F822C7629022E4900C98FB0 /* HorizontalPickerView.swift */,
			);
			path = View;
			sourceTree = "<group>";
		};
		7FA2920E28D94B8C0086AD5D /* Tools */ = {
			isa = PBXGroup;
			children = (
				7FA2920F28D94BF50086AD5D /* JSTools.swift */,
			);
			path = Tools;
			sourceTree = "<group>";
		};
		9740EEB11CF90186004384FC /* Flutter */ = {
			isa = PBXGroup;
			children = (
				3B3967151E833CAA004F5970 /* AppFrameworkInfo.plist */,
				9740EEB21CF90195004384FC /* Debug.xcconfig */,
				7AFA3C8E1D35360C0083082E /* Release.xcconfig */,
				9740EEB31CF90195004384FC /* Generated.xcconfig */,
			);
			name = Flutter;
			sourceTree = "<group>";
		};
		97C146E51CF9000F007C117D = {
			isa = PBXGroup;
			children = (
				9740EEB11CF90186004384FC /* Flutter */,
				97C146F01CF9000F007C117D /* Runner */,
				97C146EF1CF9000F007C117D /* Products */,
				E2ECF99030DD78334DCE3AE5 /* Pods */,
				40E27DDD9A9857207C72208A /* Frameworks */,
			);
			sourceTree = "<group>";
		};
		97C146EF1CF9000F007C117D /* Products */ = {
			isa = PBXGroup;
			children = (
				97C146EE1CF9000F007C117D /* Runner.app */,
			);
			name = Products;
			sourceTree = "<group>";
		};
		97C146F01CF9000F007C117D /* Runner */ = {
			isa = PBXGroup;
			children = (
				7F7275F428F7ADA500E61E92 /* FlutterHandler */,
				7F66484928DDAE5D0044400A /* Model */,
				7FA2920E28D94B8C0086AD5D /* Tools */,
				7F0B744428CB112200BD4528 /* Extension */,
				7F0B743F28C9E57600BD4528 /* View */,
				7F0B743C28C9CF8800BD4528 /* Game */,
				7F0B743728C9C05F00BD4528 /* chchar */,
				7F0B742B28C9BFC800BD4528 /* RNCachingURLProtocol */,
				97C146FA1CF9000F007C117D /* Main.storyboard */,
				97C146FD1CF9000F007C117D /* Assets.xcassets */,
				97C146FF1CF9000F007C117D /* LaunchScreen.storyboard */,
				97C147021CF9000F007C117D /* Info.plist */,
				1498D2321E8E86230040F4C2 /* GeneratedPluginRegistrant.h */,
				1498D2331E8E89220040F4C2 /* GeneratedPluginRegistrant.m */,
				74858FAE1ED2DC5600515810 /* AppDelegate.swift */,
				7F40EB9728D2BFDB002D5DC0 /* BaseViewController.swift */,
				7F7275F928F803B000E61E92 /* define.swift */,
				74858FAD1ED2DC5600515810 /* Runner-Bridging-Header.h */,
			);
			path = Runner;
			sourceTree = "<group>";
		};
		E2ECF99030DD78334DCE3AE5 /* Pods */ = {
			isa = PBXGroup;
			children = (
				FC35B61346D76A47F700D588 /* Pods-Runner.debug.xcconfig */,
				4C31CBF8D523B0A8659239B6 /* Pods-Runner.release.xcconfig */,
				FD01101D37AA5A3611739288 /* Pods-Runner.profile.xcconfig */,
			);
			path = Pods;
			sourceTree = "<group>";
		};
/* End PBXGroup section */

/* Begin PBXNativeTarget section */
		97C146ED1CF9000F007C117D /* Runner */ = {
			isa = PBXNativeTarget;
			buildConfigurationList = 97C147051CF9000F007C117D /* Build configuration list for PBXNativeTarget "Runner" */;
			buildPhases = (
				8401F0A6D1EF7D0523DDE251 /* [CP] Check Pods Manifest.lock */,
				9740EEB61CF901F6004384FC /* Run Script */,
				97C146EA1CF9000F007C117D /* Sources */,
				97C146EB1CF9000F007C117D /* Frameworks */,
				97C146EC1CF9000F007C117D /* Resources */,
				9705A1C41CF9048500538489 /* Embed Frameworks */,
				3B06AD1E1E4923F5004D2608 /* Thin Binary */,
				B6EA11C2519C55A26ECB618C /* [CP] Embed Pods Frameworks */,
			);
			buildRules = (
			);
			dependencies = (
			);
			name = Runner;
			productName = Runner;
			productReference = 97C146EE1CF9000F007C117D /* Runner.app */;
			productType = "com.apple.product-type.application";
		};
/* End PBXNativeTarget section */

/* Begin PBXProject section */
		97C146E61CF9000F007C117D /* Project object */ = {
			isa = PBXProject;
			attributes = {
				LastUpgradeCheck = 1300;
				ORGANIZATIONNAME = "";
				TargetAttributes = {
					97C146ED1CF9000F007C117D = {
						CreatedOnToolsVersion = 7.3.1;
						LastSwiftMigration = 1100;
					};
				};
			};
			buildConfigurationList = 97C146E91CF9000F007C117D /* Build configuration list for PBXProject "Runner" */;
			compatibilityVersion = "Xcode 9.3";
			developmentRegion = en;
			hasScannedForEncodings = 0;
			knownRegions = (
				en,
				Base,
			);
			mainGroup = 97C146E51CF9000F007C117D;
			productRefGroup = 97C146EF1CF9000F007C117D /* Products */;
			projectDirPath = "";
			projectRoot = "";
			targets = (
				97C146ED1CF9000F007C117D /* Runner */,
			);
		};
/* End PBXProject section */

/* Begin PBXResourcesBuildPhase section */
		97C146EC1CF9000F007C117D /* Resources */ = {
			isa = PBXResourcesBuildPhase;
			buildActionMask = 2147483647;
			files = (
				97C147011CF9000F007C117D /* LaunchScreen.storyboard in Resources */,
				3B3967161E833CAA004F5970 /* AppFrameworkInfo.plist in Resources */,
				7FE2672229026FBC0018285D /* cnchar.draw.min.js in Resources */,
				7F0B743528C9BFD800BD4528 /* README.md in Resources */,
				97C146FE1CF9000F007C117D /* Assets.xcassets in Resources */,
				97C146FC1CF9000F007C117D /* Main.storyboard in Resources */,
				7F0B743928C9C06C00BD4528 /* chchar.html in Resources */,
				7FA2920D28D874EE0086AD5D /* cnchar.all.min.js in Resources */,
			);
			runOnlyForDeploymentPostprocessing = 0;
		};
/* End PBXResourcesBuildPhase section */

/* Begin PBXShellScriptBuildPhase section */
		3B06AD1E1E4923F5004D2608 /* Thin Binary */ = {
			isa = PBXShellScriptBuildPhase;
			buildActionMask = 2147483647;
			files = (
			);
			inputPaths = (
			);
			name = "Thin Binary";
			outputPaths = (
			);
			runOnlyForDeploymentPostprocessing = 0;
			shellPath = /bin/sh;
			shellScript = "/bin/sh \"$FLUTTER_ROOT/packages/flutter_tools/bin/xcode_backend.sh\" embed_and_thin";
		};
		8401F0A6D1EF7D0523DDE251 /* [CP] Check Pods Manifest.lock */ = {
			isa = PBXShellScriptBuildPhase;
			buildActionMask = 2147483647;
			files = (
			);
			inputFileListPaths = (
			);
			inputPaths = (
				"${PODS_PODFILE_DIR_PATH}/Podfile.lock",
				"${PODS_ROOT}/Manifest.lock",
			);
			name = "[CP] Check Pods Manifest.lock";
			outputFileListPaths = (
			);
			outputPaths = (
				"$(DERIVED_FILE_DIR)/Pods-Runner-checkManifestLockResult.txt",
			);
			runOnlyForDeploymentPostprocessing = 0;
			shellPath = /bin/sh;
			shellScript = "diff \"${PODS_PODFILE_DIR_PATH}/Podfile.lock\" \"${PODS_ROOT}/Manifest.lock\" > /dev/null\nif [ $? != 0 ] ; then\n    # print error to STDERR\n    echo \"error: The sandbox is not in sync with the Podfile.lock. Run 'pod install' or update your CocoaPods installation.\" >&2\n    exit 1\nfi\n# This output is used by Xcode 'outputs' to avoid re-running this script phase.\necho \"SUCCESS\" > \"${SCRIPT_OUTPUT_FILE_0}\"\n";
			showEnvVarsInLog = 0;
		};
		9740EEB61CF901F6004384FC /* Run Script */ = {
			isa = PBXShellScriptBuildPhase;
			buildActionMask = 2147483647;
			files = (
			);
			inputPaths = (
			);
			name = "Run Script";
			outputPaths = (
			);
			runOnlyForDeploymentPostprocessing = 0;
			shellPath = /bin/sh;
			shellScript = "/bin/sh \"$FLUTTER_ROOT/packages/flutter_tools/bin/xcode_backend.sh\" build";
		};
		B6EA11C2519C55A26ECB618C /* [CP] Embed Pods Frameworks */ = {
			isa = PBXShellScriptBuildPhase;
			buildActionMask = 2147483647;
			files = (
			);
			inputFileListPaths = (
				"${PODS_ROOT}/Target Support Files/Pods-Runner/Pods-Runner-frameworks-${CONFIGURATION}-input-files.xcfilelist",
			);
			name = "[CP] Embed Pods Frameworks";
			outputFileListPaths = (
				"${PODS_ROOT}/Target Support Files/Pods-Runner/Pods-Runner-frameworks-${CONFIGURATION}-output-files.xcfilelist",
			);
			runOnlyForDeploymentPostprocessing = 0;
			shellPath = /bin/sh;
			shellScript = "\"${PODS_ROOT}/Target Support Files/Pods-Runner/Pods-Runner-frameworks.sh\"\n";
			showEnvVarsInLog = 0;
		};
/* End PBXShellScriptBuildPhase section */

/* Begin PBXSourcesBuildPhase section */
		97C146EA1CF9000F007C117D /* Sources */ = {
			isa = PBXSourcesBuildPhase;
			buildActionMask = 2147483647;
			files = (
				7F822C7729022E4900C98FB0 /* HorizontalPickerView.swift in Sources */,
				7F822C3728F95E4E00C98FB0 /* UIView+Extension.swift in Sources */,
				7F822C3929000ABB00C98FB0 /* MyChars.swift in Sources */,
				7F66484B28DDAE6E0044400A /* Lesson.swift in Sources */,
				7F7275F828F7B37300E61E92 /* FlutterPlugin+Method.swift in Sources */,
				7F7275F628F7B35000E61E92 /* FlutterPlugin+Route.swift in Sources */,
				74858FAF1ED2DC5600515810 /* AppDelegate.swift in Sources */,
				7F0B744628CB113000BD4528 /* UIControl+Extension.swift in Sources */,
				7F7275F328F7ACE700E61E92 /* FlutterPlugin.swift in Sources */,
				7F0B742A28C984FC00BD4528 /* GameViewController.swift in Sources */,
				7F0B743E28C9CFB200BD4528 /* GameViewController+Web.swift in Sources */,
				7FA2921828D9B9D40086AD5D /* jsonserialize.swift in Sources */,
				7F0B743428C9BFD800BD4528 /* RNCachingURLProtocol.m in Sources */,
				7F822C3328F95BC200C98FB0 /* DrawedCell.swift in Sources */,
				7FA2921028D94BF50086AD5D /* JSTools.swift in Sources */,
				7F40EB9828D2BFDB002D5DC0 /* BaseViewController.swift in Sources */,
				7F0B744828CB113800BD4528 /* UIColor+Extentsion.swift in Sources */,
				7F0B743328C9BFD800BD4528 /* Reachability.m in Sources */,
				7F0B744328C9F04300BD4528 /* Drawing.swift in Sources */,
				7F822C3528F95CD900C98FB0 /* GameViewController+CollectionView.swift in Sources */,
				7F7275FA28F803B100E61E92 /* define.swift in Sources */,
				7F0B743628C9BFD800BD4528 /* NSString+Sha1.m in Sources */,
				1498D2341E8E89220040F4C2 /* GeneratedPluginRegistrant.m in Sources */,
				7F0B744128C9E59B00BD4528 /* Pen.swift in Sources */,
			);
			runOnlyForDeploymentPostprocessing = 0;
		};
/* End PBXSourcesBuildPhase section */

/* Begin PBXVariantGroup section */
		97C146FA1CF9000F007C117D /* Main.storyboard */ = {
			isa = PBXVariantGroup;
			children = (
				97C146FB1CF9000F007C117D /* Base */,
			);
			name = Main.storyboard;
			sourceTree = "<group>";
		};
		97C146FF1CF9000F007C117D /* LaunchScreen.storyboard */ = {
			isa = PBXVariantGroup;
			children = (
				97C147001CF9000F007C117D /* Base */,
			);
			name = LaunchScreen.storyboard;
			sourceTree = "<group>";
		};
/* End PBXVariantGroup section */

/* Begin XCBuildConfiguration section */
		249021D3217E4FDB00AE95B9 /* Profile */ = {
			isa = XCBuildConfiguration;
			buildSettings = {
				ALWAYS_SEARCH_USER_PATHS = NO;
				CLANG_ANALYZER_NONNULL = YES;
				CLANG_CXX_LANGUAGE_STANDARD = "gnu++0x";
				CLANG_CXX_LIBRARY = "libc++";
				CLANG_ENABLE_MODULES = YES;
				CLANG_ENABLE_OBJC_ARC = YES;
				CLANG_WARN_BLOCK_CAPTURE_AUTORELEASING = YES;
				CLANG_WARN_BOOL_CONVERSION = YES;
				CLANG_WARN_COMMA = YES;
				CLANG_WARN_CONSTANT_CONVERSION = YES;
				CLANG_WARN_DEPRECATED_OBJC_IMPLEMENTATIONS = YES;
				CLANG_WARN_DIRECT_OBJC_ISA_USAGE = YES_ERROR;
				CLANG_WARN_EMPTY_BODY = YES;
				CLANG_WARN_ENUM_CONVERSION = YES;
				CLANG_WARN_INFINITE_RECURSION = YES;
				CLANG_WARN_INT_CONVERSION = YES;
				CLANG_WARN_NON_LITERAL_NULL_CONVERSION = YES;
				CLANG_WARN_OBJC_IMPLICIT_RETAIN_SELF = YES;
				CLANG_WARN_OBJC_LITERAL_CONVERSION = YES;
				CLANG_WARN_OBJC_ROOT_CLASS = YES_ERROR;
				CLANG_WARN_RANGE_LOOP_ANALYSIS = YES;
				CLANG_WARN_STRICT_PROTOTYPES = YES;
				CLANG_WARN_SUSPICIOUS_MOVE = YES;
				CLANG_WARN_UNREACHABLE_CODE = YES;
				CLANG_WARN__DUPLICATE_METHOD_MATCH = YES;
				"CODE_SIGN_IDENTITY[sdk=iphoneos*]" = "iPhone Developer";
				COPY_PHASE_STRIP = NO;
				DEBUG_INFORMATION_FORMAT = "dwarf-with-dsym";
				ENABLE_NS_ASSERTIONS = NO;
				ENABLE_STRICT_OBJC_MSGSEND = YES;
				GCC_C_LANGUAGE_STANDARD = gnu99;
				GCC_NO_COMMON_BLOCKS = YES;
				GCC_WARN_64_TO_32_BIT_CONVERSION = YES;
				GCC_WARN_ABOUT_RETURN_TYPE = YES_ERROR;
				GCC_WARN_UNDECLARED_SELECTOR = YES;
				GCC_WARN_UNINITIALIZED_AUTOS = YES_AGGRESSIVE;
				GCC_WARN_UNUSED_FUNCTION = YES;
				GCC_WARN_UNUSED_VARIABLE = YES;
				IPHONEOS_DEPLOYMENT_TARGET = 11.0;
				MTL_ENABLE_DEBUG_INFO = NO;
				SDKROOT = iphoneos;
				SUPPORTED_PLATFORMS = iphoneos;
				TARGETED_DEVICE_FAMILY = "1,2";
				VALIDATE_PRODUCT = YES;
			};
			name = Profile;
		};
		249021D4217E4FDB00AE95B9 /* Profile */ = {
			isa = XCBuildConfiguration;
			baseConfigurationReference = 7AFA3C8E1D35360C0083082E /* Release.xcconfig */;
			buildSettings = {
				ASSETCATALOG_COMPILER_APPICON_NAME = AppIcon;
				CLANG_ENABLE_MODULES = YES;
				CURRENT_PROJECT_VERSION = "$(FLUTTER_BUILD_NUMBER)";
				DEVELOPMENT_TEAM = N8HH6TB5KH;
				ENABLE_BITCODE = NO;
				INFOPLIST_FILE = Runner/Info.plist;
				LD_RUNPATH_SEARCH_PATHS = (
					"$(inherited)",
					"@executable_path/Frameworks",
				);
				PRODUCT_BUNDLE_IDENTIFIER = com.example.youknow;
				PRODUCT_NAME = "$(TARGET_NAME)";
				SWIFT_OBJC_BRIDGING_HEADER = "Runner/Runner-Bridging-Header.h";
				SWIFT_VERSION = 5.0;
				VERSIONING_SYSTEM = "apple-generic";
			};
			name = Profile;
		};
		97C147031CF9000F007C117D /* Debug */ = {
			isa = XCBuildConfiguration;
			buildSettings = {
				ALWAYS_SEARCH_USER_PATHS = NO;
				CLANG_ANALYZER_NONNULL = YES;
				CLANG_CXX_LANGUAGE_STANDARD = "gnu++0x";
				CLANG_CXX_LIBRARY = "libc++";
				CLANG_ENABLE_MODULES = YES;
				CLANG_ENABLE_OBJC_ARC = YES;
				CLANG_WARN_BLOCK_CAPTURE_AUTORELEASING = YES;
				CLANG_WARN_BOOL_CONVERSION = YES;
				CLANG_WARN_COMMA = YES;
				CLANG_WARN_CONSTANT_CONVERSION = YES;
				CLANG_WARN_DEPRECATED_OBJC_IMPLEMENTATIONS = YES;
				CLANG_WARN_DIRECT_OBJC_ISA_USAGE = YES_ERROR;
				CLANG_WARN_EMPTY_BODY = YES;
				CLANG_WARN_ENUM_CONVERSION = YES;
				CLANG_WARN_INFINITE_RECURSION = YES;
				CLANG_WARN_INT_CONVERSION = YES;
				CLANG_WARN_NON_LITERAL_NULL_CONVERSION = YES;
				CLANG_WARN_OBJC_IMPLICIT_RETAIN_SELF = YES;
				CLANG_WARN_OBJC_LITERAL_CONVERSION = YES;
				CLANG_WARN_OBJC_ROOT_CLASS = YES_ERROR;
				CLANG_WARN_RANGE_LOOP_ANALYSIS = YES;
				CLANG_WARN_STRICT_PROTOTYPES = YES;
				CLANG_WARN_SUSPICIOUS_MOVE = YES;
				CLANG_WARN_UNREACHABLE_CODE = YES;
				CLANG_WARN__DUPLICATE_METHOD_MATCH = YES;
				"CODE_SIGN_IDENTITY[sdk=iphoneos*]" = "iPhone Developer";
				COPY_PHASE_STRIP = NO;
				DEBUG_INFORMATION_FORMAT = dwarf;
				ENABLE_STRICT_OBJC_MSGSEND = YES;
				ENABLE_TESTABILITY = YES;
				GCC_C_LANGUAGE_STANDARD = gnu99;
				GCC_DYNAMIC_NO_PIC = NO;
				GCC_NO_COMMON_BLOCKS = YES;
				GCC_OPTIMIZATION_LEVEL = 0;
				GCC_PREPROCESSOR_DEFINITIONS = (
					"DEBUG=1",
					"$(inherited)",
				);
				GCC_WARN_64_TO_32_BIT_CONVERSION = YES;
				GCC_WARN_ABOUT_RETURN_TYPE = YES_ERROR;
				GCC_WARN_UNDECLARED_SELECTOR = YES;
				GCC_WARN_UNINITIALIZED_AUTOS = YES_AGGRESSIVE;
				GCC_WARN_UNUSED_FUNCTION = YES;
				GCC_WARN_UNUSED_VARIABLE = YES;
				IPHONEOS_DEPLOYMENT_TARGET = 11.0;
				MTL_ENABLE_DEBUG_INFO = YES;
				ONLY_ACTIVE_ARCH = YES;
				SDKROOT = iphoneos;
				TARGETED_DEVICE_FAMILY = "1,2";
			};
			name = Debug;
		};
		97C147041CF9000F007C117D /* Release */ = {
			isa = XCBuildConfiguration;
			buildSettings = {
				ALWAYS_SEARCH_USER_PATHS = NO;
				CLANG_ANALYZER_NONNULL = YES;
				CLANG_CXX_LANGUAGE_STANDARD = "gnu++0x";
				CLANG_CXX_LIBRARY = "libc++";
				CLANG_ENABLE_MODULES = YES;
				CLANG_ENABLE_OBJC_ARC = YES;
				CLANG_WARN_BLOCK_CAPTURE_AUTORELEASING = YES;
				CLANG_WARN_BOOL_CONVERSION = YES;
				CLANG_WARN_COMMA = YES;
				CLANG_WARN_CONSTANT_CONVERSION = YES;
				CLANG_WARN_DEPRECATED_OBJC_IMPLEMENTATIONS = YES;
				CLANG_WARN_DIRECT_OBJC_ISA_USAGE = YES_ERROR;
				CLANG_WARN_EMPTY_BODY = YES;
				CLANG_WARN_ENUM_CONVERSION = YES;
				CLANG_WARN_INFINITE_RECURSION = YES;
				CLANG_WARN_INT_CONVERSION = YES;
				CLANG_WARN_NON_LITERAL_NULL_CONVERSION = YES;
				CLANG_WARN_OBJC_IMPLICIT_RETAIN_SELF = YES;
				CLANG_WARN_OBJC_LITERAL_CONVERSION = YES;
				CLANG_WARN_OBJC_ROOT_CLASS = YES_ERROR;
				CLANG_WARN_RANGE_LOOP_ANALYSIS = YES;
				CLANG_WARN_STRICT_PROTOTYPES = YES;
				CLANG_WARN_SUSPICIOUS_MOVE = YES;
				CLANG_WARN_UNREACHABLE_CODE = YES;
				CLANG_WARN__DUPLICATE_METHOD_MATCH = YES;
				"CODE_SIGN_IDENTITY[sdk=iphoneos*]" = "iPhone Developer";
				COPY_PHASE_STRIP = NO;
				DEBUG_INFORMATION_FORMAT = "dwarf-with-dsym";
				ENABLE_NS_ASSERTIONS = NO;
				ENABLE_STRICT_OBJC_MSGSEND = YES;
				GCC_C_LANGUAGE_STANDARD = gnu99;
				GCC_NO_COMMON_BLOCKS = YES;
				GCC_WARN_64_TO_32_BIT_CONVERSION = YES;
				GCC_WARN_ABOUT_RETURN_TYPE = YES_ERROR;
				GCC_WARN_UNDECLARED_SELECTOR = YES;
				GCC_WARN_UNINITIALIZED_AUTOS = YES_AGGRESSIVE;
				GCC_WARN_UNUSED_FUNCTION = YES;
				GCC_WARN_UNUSED_VARIABLE = YES;
				IPHONEOS_DEPLOYMENT_TARGET = 11.0;
				MTL_ENABLE_DEBUG_INFO = NO;
				SDKROOT = iphoneos;
				SUPPORTED_PLATFORMS = iphoneos;
				SWIFT_COMPILATION_MODE = wholemodule;
				SWIFT_OPTIMIZATION_LEVEL = "-O";
				TARGETED_DEVICE_FAMILY = "1,2";
				VALIDATE_PRODUCT = YES;
			};
			name = Release;
		};
		97C147061CF9000F007C117D /* Debug */ = {
			isa = XCBuildConfiguration;
			baseConfigurationReference = 9740EEB21CF90195004384FC /* Debug.xcconfig */;
			buildSettings = {
				ASSETCATALOG_COMPILER_APPICON_NAME = AppIcon;
				CLANG_ENABLE_MODULES = YES;
				CURRENT_PROJECT_VERSION = "$(FLUTTER_BUILD_NUMBER)";
				DEVELOPMENT_TEAM = N8HH6TB5KH;
				ENABLE_BITCODE = NO;
				INFOPLIST_FILE = Runner/Info.plist;
				LD_RUNPATH_SEARCH_PATHS = (
					"$(inherited)",
					"@executable_path/Frameworks",
				);
				PRODUCT_BUNDLE_IDENTIFIER = com.example.youknow;
				PRODUCT_NAME = "$(TARGET_NAME)";
				SWIFT_OBJC_BRIDGING_HEADER = "Runner/Runner-Bridging-Header.h";
				SWIFT_OPTIMIZATION_LEVEL = "-Onone";
				SWIFT_VERSION = 5.0;
				VERSIONING_SYSTEM = "apple-generic";
			};
			name = Debug;
		};
		97C147071CF9000F007C117D /* Release */ = {
			isa = XCBuildConfiguration;
			baseConfigurationReference = 7AFA3C8E1D35360C0083082E /* Release.xcconfig */;
			buildSettings = {
				ASSETCATALOG_COMPILER_APPICON_NAME = AppIcon;
				CLANG_ENABLE_MODULES = YES;
				CURRENT_PROJECT_VERSION = "$(FLUTTER_BUILD_NUMBER)";
				DEVELOPMENT_TEAM = N8HH6TB5KH;
				ENABLE_BITCODE = NO;
				INFOPLIST_FILE = Runner/Info.plist;
				LD_RUNPATH_SEARCH_PATHS = (
					"$(inherited)",
					"@executable_path/Frameworks",
				);
				PRODUCT_BUNDLE_IDENTIFIER = com.example.youknow;
				PRODUCT_NAME = "$(TARGET_NAME)";
				SWIFT_OBJC_BRIDGING_HEADER = "Runner/Runner-Bridging-Header.h";
				SWIFT_VERSION = 5.0;
				VERSIONING_SYSTEM = "apple-generic";
			};
			name = Release;
		};
/* End XCBuildConfiguration section */

/* Begin XCConfigurationList section */
		97C146E91CF9000F007C117D /* Build configuration list for PBXProject "Runner" */ = {
			isa = XCConfigurationList;
			buildConfigurations = (
				97C147031CF9000F007C117D /* Debug */,
				97C147041CF9000F007C117D /* Release */,
				249021D3217E4FDB00AE95B9 /* Profile */,
			);
			defaultConfigurationIsVisible = 0;
			defaultConfigurationName = Release;
		};
		97C147051CF9000F007C117D /* Build configuration list for PBXNativeTarget "Runner" */ = {
			isa = XCConfigurationList;
			buildConfigurations = (
				97C147061CF9000F007C117D /* Debug */,
				97C147071CF9000F007C117D /* Release */,
				249021D4217E4FDB00AE95B9 /* Profile */,
			);
			defaultConfigurationIsVisible = 0;
			defaultConfigurationName = Release;
		};
/* End XCConfigurationList section */
	};
	rootObject = 97C146E61CF9000F007C117D /* Project object */;
}
